<?xml version="1.0" encoding="utf-8"?>
<Project ToolsVersion="4.0" xmlns="http://schemas.microsoft.com/developer/msbuild/2003">
  <ItemGroup>
    <Filter Include="00.GraphicDevice">
      <UniqueIdentifier>{9d1ae452-bf23-4df4-a844-2e8260299944}</UniqueIdentifier>
    </Filter>
    <Filter Include="01.TimeManager">
      <UniqueIdentifier>{2ccd5a29-17eb-42ca-b7d9-565384bb8c9c}</UniqueIdentifier>
    </Filter>
    <Filter Include="Export">
      <UniqueIdentifier>{ca88754b-5322-4925-831b-a9e79c208ac3}</UniqueIdentifier>
    </Filter>
    <Filter Include="03.FontManager">
      <UniqueIdentifier>{83ec842b-7010-4662-8856-a0ce4dffeeb9}</UniqueIdentifier>
    </Filter>
    <Filter Include="02.InputManager">
      <UniqueIdentifier>{39e5c5cd-d0a3-4883-96e5-3f1969167dd7}</UniqueIdentifier>
    </Filter>
    <Filter Include="03.FontManager\Font">
      <UniqueIdentifier>{5f772d27-ab6c-46c6-9cd2-892199d9a9ed}</UniqueIdentifier>
    </Filter>
  </ItemGroup>
  <ItemGroup>
    <ClInclude Include="..\Code\GraphicDevice.h">
      <Filter>00.GraphicDevice</Filter>
    </ClInclude>
    <ClInclude Include="..\Code\TimeManager.h">
      <Filter>01.TimeManager</Filter>
    </ClInclude>
    <ClInclude Include="..\..\Export\Export_System.h">
      <Filter>Export</Filter>
    </ClInclude>
    <ClInclude Include="..\Code\InputManager.h">
      <Filter>02.InputManager</Filter>
    </ClInclude>
    <ClInclude Include="..\Code\InputSetting.h">
      <Filter>02.InputManager</Filter>
    </ClInclude>
    <ClInclude Include="..\Code\FontManager.h">
      <Filter>03.FontManager</Filter>
    </ClInclude>
    <ClInclude Include="..\Code\Font.h">
      <Filter>03.FontManager\Font</Filter>
    </ClInclude>
  </ItemGroup>
  <ItemGroup>
    <ClCompile Include="..\Code\GraphicDevice.cpp">
      <Filter>00.GraphicDevice</Filter>
    </ClCompile>
    <ClCompile Include="..\Code\TimeManager.cpp">
      <Filter>01.TimeManager</Filter>
    </ClCompile>
    <ClCompile Include="..\Code\InputManager.cpp">
      <Filter>02.InputManager</Filter>
    </ClCompile>
    <ClCompile Include="..\Code\FontManager.cpp">
      <Filter>03.FontManager</Filter>
    </ClCompile>
    <ClCompile Include="..\Code\Font.cpp">
      <Filter>03.FontManager\Font</Filter>
    </ClCompile>
  </ItemGroup>
  <ItemGroup>
    <None Include="..\..\Export\Export_System.inl">
      <Filter>Export</Filter>
    </None>
  </ItemGroup>
</Project>