<?xml version="1.0" encoding="utf-8"?>
<Project ToolsVersion="4.0" xmlns="http://schemas.microsoft.com/developer/msbuild/2003">
  <ItemGroup>
    <Filter Include="00.Managers">
      <UniqueIdentifier>{0c19b57f-c8e2-4928-ba60-63f42481c63b}</UniqueIdentifier>
    </Filter>
    <Filter Include="Export">
      <UniqueIdentifier>{170b7950-3a02-4a4c-964f-e20f00515026}</UniqueIdentifier>
    </Filter>
    <Filter Include="00.Managers\GameManager">
      <UniqueIdentifier>{a3228609-a889-437b-9c4a-c65b7d0aa29d}</UniqueIdentifier>
    </Filter>
    <Filter Include="01.Renderer">
      <UniqueIdentifier>{3afe6545-7056-4bc9-9c34-4e9b68b67f1a}</UniqueIdentifier>
    </Filter>
    <Filter Include="04.Component">
      <UniqueIdentifier>{0908d527-e517-477c-af5d-f00e0d9d6f47}</UniqueIdentifier>
    </Filter>
    <Filter Include="04.Component\Transform">
      <UniqueIdentifier>{fa3620fa-99e1-404d-9ffe-8e1173ecf258}</UniqueIdentifier>
    </Filter>
    <Filter Include="04.Component\Collision">
      <UniqueIdentifier>{43d67e3c-e735-465b-9bfb-4191e8b52f36}</UniqueIdentifier>
    </Filter>
    <Filter Include="02.Scene">
      <UniqueIdentifier>{f2f34bbe-d10b-4e25-9c23-f8845bb9094a}</UniqueIdentifier>
    </Filter>
    <Filter Include="02.Scene\Layer">
      <UniqueIdentifier>{c9666dfa-dd11-44cc-b359-8ffa1213a135}</UniqueIdentifier>
    </Filter>
    <Filter Include="03.GameObject">
      <UniqueIdentifier>{61c38135-a570-43c2-a91b-b855a64e9619}</UniqueIdentifier>
    </Filter>
    <Filter Include="05.Resources">
      <UniqueIdentifier>{643aec07-39bd-4517-9ba6-2c8184951f48}</UniqueIdentifier>
    </Filter>
    <Filter Include="05.Resources\Mesh">
      <UniqueIdentifier>{34b19853-35bc-4122-a440-4bb80e70a363}</UniqueIdentifier>
    </Filter>
    <Filter Include="05.Resources\Texture">
      <UniqueIdentifier>{8d6b0701-5b17-41d5-951e-910deca0661f}</UniqueIdentifier>
    </Filter>
    <Filter Include="05.Resources\VIBuffer">
      <UniqueIdentifier>{eaa5e9ae-db32-4668-9096-c6385b137a1c}</UniqueIdentifier>
    </Filter>
    <Filter Include="05.Resources\VIBuffer\RectTexture">
      <UniqueIdentifier>{da476c67-10a7-49dd-a0ba-b8db75d1caf5}</UniqueIdentifier>
    </Filter>
    <Filter Include="05.Resources\VIBuffer\TrailTexture">
      <UniqueIdentifier>{3c1562c9-3dfb-4552-b09e-5fc08513bf25}</UniqueIdentifier>
    </Filter>
    <Filter Include="05.Resources\VIBuffer\CubeTexture">
      <UniqueIdentifier>{c738c02f-be73-464c-8a4c-434e8354dbc8}</UniqueIdentifier>
    </Filter>
    <Filter Include="05.Resources\VIBuffer\CubeColor">
      <UniqueIdentifier>{57510354-293a-4729-acd4-829a501bfa4f}</UniqueIdentifier>
    </Filter>
    <Filter Include="99.Managers">
      <UniqueIdentifier>{16205ae9-f3dc-4d8b-8726-f40e35b771d1}</UniqueIdentifier>
    </Filter>
    <Filter Include="99.Managers\ComponentManager">
      <UniqueIdentifier>{5706b1ab-fddf-4ec4-be0e-11612c978d31}</UniqueIdentifier>
    </Filter>
    <Filter Include="04.Component\Shader">
      <UniqueIdentifier>{cd1e24f7-c2cd-43f6-8a1b-af733c18ab7f}</UniqueIdentifier>
    </Filter>
    <Filter Include="05.Resources\Mesh\StaticMesh">
      <UniqueIdentifier>{c9f471ac-c1fe-4c91-aacd-95314902cb64}</UniqueIdentifier>
    </Filter>
    <Filter Include="05.Resources\Mesh\DynamicMesh">
      <UniqueIdentifier>{4698792e-0fbe-48d3-8026-e32c723655eb}</UniqueIdentifier>
    </Filter>
    <Filter Include="05.Resources\Mesh\DynamicMesh\Loader">
      <UniqueIdentifier>{7807d546-b17d-41f0-a11d-c344e844f2ee}</UniqueIdentifier>
    </Filter>
    <Filter Include="05.Resources\Mesh\DynamicMesh\AnimController">
      <UniqueIdentifier>{d50c63f7-0441-47cc-a4d5-8f26e2a78151}</UniqueIdentifier>
    </Filter>
    <Filter Include="03.GameObject\Camera">
      <UniqueIdentifier>{4fb59925-4447-42b6-b590-78a456678dd6}</UniqueIdentifier>
    </Filter>
  </ItemGroup>
  <ItemGroup>
    <ClInclude Include="..\Code\GameManager.h">
      <Filter>00.Managers\GameManager</Filter>
    </ClInclude>
    <ClInclude Include="..\..\Export\Export_Utility.h">
      <Filter>Export</Filter>
    </ClInclude>
    <ClInclude Include="..\Code\Renderer.h">
      <Filter>01.Renderer</Filter>
    </ClInclude>
    <ClInclude Include="..\Code\GameObject.h">
      <Filter>03.GameObject</Filter>
    </ClInclude>
    <ClInclude Include="..\Code\Component.h">
      <Filter>04.Component</Filter>
    </ClInclude>
    <ClInclude Include="..\Code\Transform.h">
      <Filter>04.Component\Transform</Filter>
    </ClInclude>
    <ClInclude Include="..\Code\Scene.h">
      <Filter>02.Scene</Filter>
    </ClInclude>
    <ClInclude Include="..\Code\Layer.h">
      <Filter>02.Scene\Layer</Filter>
    </ClInclude>
    <ClInclude Include="..\Code\Resources.h">
      <Filter>05.Resources</Filter>
    </ClInclude>
    <ClInclude Include="..\Code\VIBuffer.h">
      <Filter>05.Resources\VIBuffer</Filter>
    </ClInclude>
    <ClInclude Include="..\Code\RectTexture.h">
      <Filter>05.Resources\VIBuffer\RectTexture</Filter>
    </ClInclude>
    <ClInclude Include="..\Code\Texture.h">
      <Filter>05.Resources\Texture</Filter>
    </ClInclude>
    <ClInclude Include="..\Code\ComponentManager.h">
      <Filter>99.Managers\ComponentManager</Filter>
    </ClInclude>
    <ClInclude Include="..\Code\Shader.h">
      <Filter>04.Component\Shader</Filter>
    </ClInclude>
    <ClInclude Include="..\Code\CubeTexture.h">
      <Filter>05.Resources\VIBuffer\CubeTexture</Filter>
    </ClInclude>
    <ClInclude Include="..\Code\CubeColor.h">
      <Filter>05.Resources\VIBuffer\CubeColor</Filter>
    </ClInclude>
    <ClInclude Include="..\Code\Mesh.h">
      <Filter>05.Resources\Mesh</Filter>
    </ClInclude>
    <ClInclude Include="..\Code\StaticMesh.h">
      <Filter>05.Resources\Mesh\StaticMesh</Filter>
    </ClInclude>
    <ClInclude Include="..\Code\DynamicMesh.h">
      <Filter>05.Resources\Mesh\DynamicMesh</Filter>
    </ClInclude>
    <ClInclude Include="..\Code\Loader.h">
      <Filter>05.Resources\Mesh\DynamicMesh\Loader</Filter>
    </ClInclude>
    <ClInclude Include="..\Code\AnimController.h">
      <Filter>05.Resources\Mesh\DynamicMesh\AnimController</Filter>
    </ClInclude>
    <ClInclude Include="..\Code\Camera.h">
      <Filter>03.GameObject\Camera</Filter>
    </ClInclude>
  </ItemGroup>
  <ItemGroup>
    <ClCompile Include="..\Code\GameManager.cpp">
      <Filter>00.Managers\GameManager</Filter>
    </ClCompile>
    <ClCompile Include="..\Code\Renderer.cpp">
      <Filter>01.Renderer</Filter>
    </ClCompile>
    <ClCompile Include="..\Code\GameObject.cpp">
      <Filter>03.GameObject</Filter>
    </ClCompile>
    <ClCompile Include="..\Code\Component.cpp">
      <Filter>04.Component</Filter>
    </ClCompile>
    <ClCompile Include="..\Code\Transform.cpp">
      <Filter>04.Component\Transform</Filter>
    </ClCompile>
    <ClCompile Include="..\Code\Scene.cpp">
      <Filter>02.Scene</Filter>
    </ClCompile>
    <ClCompile Include="..\Code\Layer.cpp">
      <Filter>02.Scene\Layer</Filter>
    </ClCompile>
    <ClCompile Include="..\Code\Resources.cpp">
      <Filter>05.Resources</Filter>
    </ClCompile>
    <ClCompile Include="..\Code\VIBuffer.cpp">
      <Filter>05.Resources\VIBuffer</Filter>
    </ClCompile>
    <ClCompile Include="..\Code\RectTexture.cpp">
      <Filter>05.Resources\VIBuffer\RectTexture</Filter>
    </ClCompile>
    <ClCompile Include="..\Code\Texture.cpp">
      <Filter>05.Resources\Texture</Filter>
    </ClCompile>
    <ClCompile Include="..\Code\ComponentManager.cpp">
      <Filter>99.Managers\ComponentManager</Filter>
    </ClCompile>
    <ClCompile Include="..\Code\Shader.cpp">
      <Filter>04.Component\Shader</Filter>
    </ClCompile>
    <ClCompile Include="..\Code\CubeTexture.cpp">
      <Filter>05.Resources\VIBuffer\CubeTexture</Filter>
    </ClCompile>
    <ClCompile Include="..\Code\CubeColor.cpp">
      <Filter>05.Resources\VIBuffer\CubeColor</Filter>
    </ClCompile>
    <ClCompile Include="..\Code\Mesh.cpp">
      <Filter>05.Resources\Mesh</Filter>
    </ClCompile>
    <ClCompile Include="..\Code\StaticMesh.cpp">
      <Filter>05.Resources\Mesh\StaticMesh</Filter>
    </ClCompile>
    <ClCompile Include="..\Code\DynamicMesh.cpp">
      <Filter>05.Resources\Mesh\DynamicMesh</Filter>
    </ClCompile>
    <ClCompile Include="..\Code\Loader.cpp">
      <Filter>05.Resources\Mesh\DynamicMesh\Loader</Filter>
    </ClCompile>
    <ClCompile Include="..\Code\AnimController.cpp">
      <Filter>05.Resources\Mesh\DynamicMesh\AnimController</Filter>
    </ClCompile>
    <ClCompile Include="..\Code\Camera.cpp">
      <Filter>03.GameObject\Camera</Filter>
    </ClCompile>
  </ItemGroup>
  <ItemGroup>
    <None Include="..\..\Export\Export_Utility.inl">
      <Filter>Export</Filter>
    </None>
  </ItemGroup>
</Project>