<?xml version="1.0" encoding="utf-8"?>
<Project ToolsVersion="4.0" xmlns="http://schemas.microsoft.com/developer/msbuild/2003">
  <ItemGroup>
    <Filter Include="00.MainFrame">
      <UniqueIdentifier>{e38f1609-e022-4973-b6e6-61524ed66129}</UniqueIdentifier>
    </Filter>
    <Filter Include="99.Default">
      <UniqueIdentifier>{a665641a-ecee-4441-8bf3-25573f939d9f}</UniqueIdentifier>
    </Filter>
    <Filter Include="01.MainView">
      <UniqueIdentifier>{57c4b93c-c9ab-48e9-987e-4b2c90053313}</UniqueIdentifier>
    </Filter>
    <Filter Include="98.ToolManager">
      <UniqueIdentifier>{9143c228-a92f-4058-8438-fddffb1b19b8}</UniqueIdentifier>
    </Filter>
    <Filter Include="02.EditorTab">
      <UniqueIdentifier>{9aa4ca09-7201-4e15-886f-5ab5ca921823}</UniqueIdentifier>
    </Filter>
    <Filter Include="02.EditorTab\KK1Sheet">
      <UniqueIdentifier>{11ec028e-b684-4911-bba7-ec0b1be58f82}</UniqueIdentifier>
    </Filter>
    <Filter Include="02.EditorTab\00.StageEditor">
      <UniqueIdentifier>{abbe3d8f-3933-4571-88ea-3f163c146031}</UniqueIdentifier>
    </Filter>
    <Filter Include="04.DynamicCamera">
      <UniqueIdentifier>{d6f12c07-1948-4b10-a79b-a4475369222e}</UniqueIdentifier>
    </Filter>
    <Filter Include="02.EditorTab\00.StageEditor\MapData">
      <UniqueIdentifier>{dec29da1-8182-4abf-9e96-9388d1a5a61f}</UniqueIdentifier>
    </Filter>
    <Filter Include="02.EditorTab\00.StageEditor\MapData\ResourceLoader">
      <UniqueIdentifier>{31c73216-b495-4bdf-ace0-6df48f60efb5}</UniqueIdentifier>
    </Filter>
    <Filter Include="02.EditorTab\00.StageEditor\MapData\MapObject">
      <UniqueIdentifier>{a629711a-993b-47ff-a512-29f68d1ae01b}</UniqueIdentifier>
    </Filter>
    <Filter Include="02.EditorTab\01.NavMeshEditor">
      <UniqueIdentifier>{c05a51ea-c357-4d48-b940-d781eb5e7ca0}</UniqueIdentifier>
    </Filter>
    <Filter Include="02.EditorTab\01.NavMeshEditor\NavPoint">
      <UniqueIdentifier>{bfda1c55-b85d-4050-8d10-e07d57effcd8}</UniqueIdentifier>
    </Filter>
    <Filter Include="02.EditorTab\01.NavMeshEditor\NavTri">
      <UniqueIdentifier>{f7f6a3ee-59ed-41ea-bc97-035a929a1020}</UniqueIdentifier>
    </Filter>
    <Filter Include="02.EditorTab\02.EffectEditor">
      <UniqueIdentifier>{00c6d88b-67b6-4303-90c6-50af4687cae4}</UniqueIdentifier>
    </Filter>
  </ItemGroup>
  <ItemGroup>
    <ClInclude Include="MainFrm.h">
      <Filter>00.MainFrame</Filter>
    </ClInclude>
    <ClInclude Include="stdafx.h" />
    <ClInclude Include="targetver.h">
      <Filter>99.Default</Filter>
    </ClInclude>
    <ClInclude Include="MapToolDoc.h">
      <Filter>99.Default</Filter>
    </ClInclude>
    <ClInclude Include="Resource.h">
      <Filter>99.Default</Filter>
    </ClInclude>
    <ClInclude Include="MapToolView.h">
      <Filter>01.MainView</Filter>
    </ClInclude>
    <ClInclude Include="MapTool.h">
      <Filter>99.Default</Filter>
    </ClInclude>
    <ClInclude Include="..\Code\ToolManager.h">
      <Filter>98.ToolManager</Filter>
    </ClInclude>
    <ClInclude Include="KK1Sheet.h">
      <Filter>02.EditorTab\KK1Sheet</Filter>
    </ClInclude>
    <ClInclude Include="StageEditor.h">
      <Filter>02.EditorTab\00.StageEditor</Filter>
    </ClInclude>
    <ClInclude Include="EditorTab.h">
      <Filter>02.EditorTab</Filter>
    </ClInclude>
    <ClInclude Include="..\Code\ResourceLoader.h">
      <Filter>02.EditorTab\00.StageEditor\MapData\ResourceLoader</Filter>
    </ClInclude>
    <ClInclude Include="..\Code\MapObject.h">
      <Filter>02.EditorTab\00.StageEditor\MapData\MapObject</Filter>
    </ClInclude>
    <ClInclude Include="..\Code\DynamicCamera.h">
      <Filter>04.DynamicCamera</Filter>
    </ClInclude>
    <ClInclude Include="..\Code\NavPoint.h">
      <Filter>02.EditorTab\01.NavMeshEditor\NavPoint</Filter>
    </ClInclude>
    <ClInclude Include="..\Code\NavTri.h">
      <Filter>02.EditorTab\01.NavMeshEditor\NavTri</Filter>
    </ClInclude>
    <ClInclude Include="NavMeshEditor.h">
      <Filter>02.EditorTab\01.NavMeshEditor</Filter>
    </ClInclude>
    <ClInclude Include="ParticleEditor.h">
      <Filter>02.EditorTab\02.EffectEditor</Filter>
    </ClInclude>
  </ItemGroup>
  <ItemGroup>
    <ClCompile Include="MainFrm.cpp">
      <Filter>00.MainFrame</Filter>
    </ClCompile>
    <ClCompile Include="stdafx.cpp">
      <Filter>99.Default</Filter>
    </ClCompile>
    <ClCompile Include="MapToolDoc.cpp">
      <Filter>99.Default</Filter>
    </ClCompile>
    <ClCompile Include="MapToolView.cpp">
      <Filter>01.MainView</Filter>
    </ClCompile>
    <ClCompile Include="MapTool.cpp">
      <Filter>99.Default</Filter>
    </ClCompile>
    <ClCompile Include="..\Code\ToolManager.cpp">
      <Filter>98.ToolManager</Filter>
    </ClCompile>
    <ClCompile Include="KK1Sheet.cpp">
      <Filter>02.EditorTab\KK1Sheet</Filter>
    </ClCompile>
    <ClCompile Include="StageEditor.cpp">
      <Filter>02.EditorTab\00.StageEditor</Filter>
    </ClCompile>
    <ClCompile Include="EditorTab.cpp">
      <Filter>02.EditorTab</Filter>
    </ClCompile>
    <ClCompile Include="..\Code\ResourceLoader.cpp">
      <Filter>02.EditorTab\00.StageEditor\MapData\ResourceLoader</Filter>
    </ClCompile>
    <ClCompile Include="..\Code\MapObject.cpp">
      <Filter>02.EditorTab\00.StageEditor\MapData\MapObject</Filter>
    </ClCompile>
    <ClCompile Include="..\Code\DynamicCamera.cpp">
      <Filter>04.DynamicCamera</Filter>
    </ClCompile>
    <ClCompile Include="..\Code\NavPoint.cpp">
      <Filter>02.EditorTab\01.NavMeshEditor\NavPoint</Filter>
    </ClCompile>
    <ClCompile Include="..\Code\NavTri.cpp">
      <Filter>02.EditorTab\01.NavMeshEditor\NavTri</Filter>
    </ClCompile>
    <ClCompile Include="NavMeshEditor.cpp">
      <Filter>02.EditorTab\01.NavMeshEditor</Filter>
    </ClCompile>
    <ClCompile Include="ParticleEditor.cpp">
      <Filter>02.EditorTab\02.EffectEditor</Filter>
    </ClCompile>
  </ItemGroup>
  <ItemGroup>
    <Image Include="res\MapTool.ico">
      <Filter>99.Default</Filter>
    </Image>
    <Image Include="res\MapToolDoc.ico">
      <Filter>99.Default</Filter>
    </Image>
    <Image Include="res\Toolbar.bmp">
      <Filter>99.Default</Filter>
    </Image>
  </ItemGroup>
  <ItemGroup>
    <ResourceCompile Include="MapTool.rc">
      <Filter>99.Default</Filter>
    </ResourceCompile>
  </ItemGroup>
  <ItemGroup>
    <None Include="res\MapTool.rc2">
      <Filter>99.Default</Filter>
    </None>
  </ItemGroup>
</Project>