<?xml version="1.0" encoding="utf-8"?>
<Project ToolsVersion="4.0" xmlns="http://schemas.microsoft.com/developer/msbuild/2003">
  <ItemGroup>
    <Filter Include="99.Default">
      <UniqueIdentifier>{ecf09171-1915-401a-81eb-f15c150638ba}</UniqueIdentifier>
    </Filter>
    <Filter Include="00.MainGame">
      <UniqueIdentifier>{76c40348-904e-4441-9297-ea997dec041b}</UniqueIdentifier>
    </Filter>
    <Filter Include="01.Scene">
      <UniqueIdentifier>{fb0939b4-d0c3-4da8-91fd-b326c7f70ee5}</UniqueIdentifier>
    </Filter>
    <Filter Include="01.Scene\00.Logo">
      <UniqueIdentifier>{1be34f75-c19e-403d-b2c7-09834943ce10}</UniqueIdentifier>
    </Filter>
    <Filter Include="01.Scene\01.Title">
      <UniqueIdentifier>{522cfd24-2b54-42f4-9ce1-4aadbde602a9}</UniqueIdentifier>
    </Filter>
    <Filter Include="01.Scene\99.Loading">
      <UniqueIdentifier>{3fbf6f4c-ecd1-4e84-99e9-a7d90b8ff4c2}</UniqueIdentifier>
    </Filter>
    <Filter Include="01.Scene\02.Stage">
      <UniqueIdentifier>{d4e65528-4ddd-4d71-a61e-47eb3731ce5a}</UniqueIdentifier>
    </Filter>
    <Filter Include="02.GameObject">
      <UniqueIdentifier>{3c41fc7c-1419-4423-b4d8-f3a48f6f5076}</UniqueIdentifier>
    </Filter>
    <Filter Include="02.GameObject\UI">
      <UniqueIdentifier>{331ed709-bcdc-4d69-bb19-025bd012155c}</UniqueIdentifier>
    </Filter>
    <Filter Include="02.GameObject\Environment">
      <UniqueIdentifier>{846e4bd0-2649-45f5-85b0-ab6d1a42e1fd}</UniqueIdentifier>
    </Filter>
    <Filter Include="Headers">
      <UniqueIdentifier>{93995380-89BD-4b04-88EB-625FBE52EBFB}</UniqueIdentifier>
      <Extensions>h;hh;hpp;hxx;hm;inl;inc;xsd</Extensions>
    </Filter>
    <Filter Include="02.GameObject\Camera">
      <UniqueIdentifier>{71d9a552-905f-4903-9fc1-491fe5d3d51f}</UniqueIdentifier>
    </Filter>
    <Filter Include="02.GameObject\Camera\DynamicCamera">
      <UniqueIdentifier>{0f8c5987-fa25-4891-b362-b4d0bb7b1361}</UniqueIdentifier>
    </Filter>
    <Filter Include="02.GameObject\Camera\PlayerCamera">
      <UniqueIdentifier>{5066d90b-a1c9-4d73-8e29-e09c20b5e699}</UniqueIdentifier>
    </Filter>
    <Filter Include="OldClass">
      <UniqueIdentifier>{a50a2908-3447-4c88-a05a-cd79d59605bd}</UniqueIdentifier>
    </Filter>
    <Filter Include="OldClass\TestObject">
      <UniqueIdentifier>{b1be8709-f969-48da-a0ed-03adc17bfd20}</UniqueIdentifier>
    </Filter>
    <Filter Include="OldClass\TestObject\TestPlane">
      <UniqueIdentifier>{957b2783-0cc5-422c-b2f2-10ccf936ecf4}</UniqueIdentifier>
    </Filter>
    <Filter Include="OldClass\TestObject\TestPlane2">
      <UniqueIdentifier>{b2a0e722-a16c-44ef-b234-31e985c1162a}</UniqueIdentifier>
    </Filter>
    <Filter Include="03.Components">
      <UniqueIdentifier>{551603be-2794-4aaa-8fa6-66fefda93d45}</UniqueIdentifier>
    </Filter>
    <Filter Include="03.Components\Controller">
      <UniqueIdentifier>{08aa05e5-2887-458d-9843-b333433f0ef6}</UniqueIdentifier>
    </Filter>
    <Filter Include="03.Components\Controller\PlayerController">
      <UniqueIdentifier>{0a421d0e-6a31-44f9-a4e1-5f708f29bd2a}</UniqueIdentifier>
    </Filter>
    <Filter Include="02.GameObject\ControlObject">
      <UniqueIdentifier>{1ca2aedb-6b3a-46ab-aa31-db7cfa4ca825}</UniqueIdentifier>
    </Filter>
    <Filter Include="02.GameObject\ControlObject\SpaceMarin">
      <UniqueIdentifier>{52e5ba68-2c8b-4ec4-9fef-1853df618add}</UniqueIdentifier>
    </Filter>
    <Filter Include="02.GameObject\OtherObject">
      <UniqueIdentifier>{bba5964b-579d-4974-a9ed-559c8fb6cd35}</UniqueIdentifier>
    </Filter>
    <Filter Include="02.GameObject\OtherObject\Screen">
      <UniqueIdentifier>{c0e2e4e6-189f-4904-a374-ff521478feeb}</UniqueIdentifier>
    </Filter>
    <Filter Include="02.GameObject\ControlObject\SpaceMarin\Gun_Phobos">
      <UniqueIdentifier>{ecb94be2-f7cd-416f-9d35-f0cb2bd1d10f}</UniqueIdentifier>
    </Filter>
    <Filter Include="02.GameObject\Environment\LevelObject">
      <UniqueIdentifier>{0cc1f3b0-a567-476c-96c4-046b5854fa1b}</UniqueIdentifier>
    </Filter>
    <Filter Include="04.CollisionSystem">
      <UniqueIdentifier>{ad0cd351-1da5-450f-ac9d-303577eb7207}</UniqueIdentifier>
    </Filter>
    <Filter Include="02.GameObject\ControlObject\Ork">
      <UniqueIdentifier>{746f5ec5-fda6-4197-b811-8d16840596dc}</UniqueIdentifier>
    </Filter>
    <Filter Include="OldClass\Tyranid">
      <UniqueIdentifier>{f2839e2e-5eda-408d-a14c-90caac4c67bf}</UniqueIdentifier>
    </Filter>
    <Filter Include="03.Components\Controller\EnemyAIController">
      <UniqueIdentifier>{60b13917-bf97-467b-bc16-279c8d647dd0}</UniqueIdentifier>
    </Filter>
    <Filter Include="02.GameObject\ControlObject\Ork_WarBoss">
      <UniqueIdentifier>{de440f19-2ea2-4157-aa2e-93a16b56c80c}</UniqueIdentifier>
    </Filter>
    <Filter Include="03.Components\Controller\TeamAIController">
      <UniqueIdentifier>{a40e5c4f-6109-426a-8a1e-b0f0605bb702}</UniqueIdentifier>
    </Filter>
    <Filter Include="04.CollisionSystem\FrustumCollider">
      <UniqueIdentifier>{2a2c5771-b92a-461b-b3f4-f38abc5d1859}</UniqueIdentifier>
    </Filter>
    <Filter Include="02.GameObject\ControlObject\Ork_Weapon">
      <UniqueIdentifier>{e9e9bb1d-2b7d-4e87-aa93-3007bc8518d1}</UniqueIdentifier>
    </Filter>
    <Filter Include="02.GameObject\ControlObject\Ork_Weapon\Ork_Gun">
      <UniqueIdentifier>{75ebb22f-b237-4cd3-a1da-c9194e0e06f5}</UniqueIdentifier>
    </Filter>
    <Filter Include="02.GameObject\ControlObject\Ork_Weapon\Ork_Sword">
      <UniqueIdentifier>{673bba1e-5b08-4e26-a925-1c2ca92b143b}</UniqueIdentifier>
    </Filter>
    <Filter Include="02.GameObject\ControlObject\Ork_Weapon\Ork_Klaw">
      <UniqueIdentifier>{d399c214-47be-43d6-a442-45a06bcb0aaa}</UniqueIdentifier>
    </Filter>
    <Filter Include="02.GameObject\ControlObject\Ork_Weapon\Ork_HeavyGun">
      <UniqueIdentifier>{861054cc-dc6a-47d9-a0e5-370763e4ed0c}</UniqueIdentifier>
    </Filter>
    <Filter Include="02.GameObject\ControlObject\SpaceMarin\ChainSword">
      <UniqueIdentifier>{b6d8d243-4a91-4a31-94d1-169721ed6c0b}</UniqueIdentifier>
    </Filter>
    <Filter Include="02.GameObject\Environment\Skybox">
      <UniqueIdentifier>{c1e8cbc2-8c99-4787-8aae-37d06e7d39ec}</UniqueIdentifier>
    </Filter>
    <Filter Include="02.GameObject\ControlObject\Ork_Weapon\Ork_HeavyGun\HeavyGunBullet">
      <UniqueIdentifier>{34e68a0f-14b7-477a-b119-5b8d51bd38e8}</UniqueIdentifier>
    </Filter>
    <Filter Include="05.EventManager">
      <UniqueIdentifier>{c2a0f832-825a-41c5-b062-c467e8ca11a3}</UniqueIdentifier>
    </Filter>
    <Filter Include="06.DataManager">
      <UniqueIdentifier>{3ee96ef8-1266-4bb3-a169-0358352f36e6}</UniqueIdentifier>
    </Filter>
    <Filter Include="06.DataManager\Observer">
      <UniqueIdentifier>{c65f9dde-bff9-4f9f-bb13-3e598aed4376}</UniqueIdentifier>
    </Filter>
    <Filter Include="06.DataManager\Subject">
      <UniqueIdentifier>{7b9c22c6-69ca-4efb-bd92-b217a38b80b6}</UniqueIdentifier>
    </Filter>
    <Filter Include="06.DataManager\Observer\SpaceMarinObserver">
      <UniqueIdentifier>{ba3390a9-6eb8-4d36-8820-451d7d4e2aa0}</UniqueIdentifier>
    </Filter>
    <Filter Include="06.DataManager\Observer\EnemyObserver">
      <UniqueIdentifier>{339bcd43-b09e-4e86-ab65-b10b83fe1fc0}</UniqueIdentifier>
    </Filter>
    <Filter Include="02.GameObject\Effect">
      <UniqueIdentifier>{e20bb2b2-dfef-4dfa-89ef-bb814cfea6f1}</UniqueIdentifier>
    </Filter>
    <Filter Include="02.GameObject\Effect\FireEffect">
      <UniqueIdentifier>{123115b8-f17f-4543-8586-90c1fdcd0ec5}</UniqueIdentifier>
    </Filter>
    <Filter Include="02.GameObject\Effect\FireLineSmoke">
      <UniqueIdentifier>{cee55c25-e852-44a4-b894-619289a442a1}</UniqueIdentifier>
    </Filter>
  </ItemGroup>
  <ItemGroup>
    <ClInclude Include="Resource.h">
      <Filter>99.Default</Filter>
    </ClInclude>
    <ClInclude Include="Client.h">
      <Filter>99.Default</Filter>
    </ClInclude>
    <ClInclude Include="targetver.h">
      <Filter>99.Default</Filter>
    </ClInclude>
    <ClInclude Include="..\Code\MainGame.h">
      <Filter>00.MainGame</Filter>
    </ClInclude>
    <ClInclude Include="..\Code\Logo.h">
      <Filter>01.Scene\00.Logo</Filter>
    </ClInclude>
    <ClInclude Include="..\Code\Value.h">
      <Filter>Headers</Filter>
    </ClInclude>
    <ClInclude Include="..\Code\Include.h">
      <Filter>Headers</Filter>
    </ClInclude>
    <ClInclude Include="..\Code\Enum.h">
      <Filter>Headers</Filter>
    </ClInclude>
    <ClInclude Include="..\Code\ScreenImage.h">
      <Filter>02.GameObject\OtherObject\Screen</Filter>
    </ClInclude>
    <ClInclude Include="..\Code\DynamicCamera.h">
      <Filter>02.GameObject\Camera\DynamicCamera</Filter>
    </ClInclude>
    <ClInclude Include="TestPlane.h">
      <Filter>OldClass\TestObject\TestPlane</Filter>
    </ClInclude>
    <ClInclude Include="..\Code\Loading.h">
      <Filter>01.Scene\99.Loading</Filter>
    </ClInclude>
    <ClInclude Include="..\Code\SpaceMarin.h">
      <Filter>02.GameObject\ControlObject\SpaceMarin</Filter>
    </ClInclude>
    <ClInclude Include="..\Code\Stage.h">
      <Filter>01.Scene\02.Stage</Filter>
    </ClInclude>
    <ClInclude Include="TestPlane2.h">
      <Filter>OldClass\TestObject\TestPlane2</Filter>
    </ClInclude>
    <ClInclude Include="stdafx.h" />
    <ClInclude Include="..\Code\LevelObject.h">
      <Filter>02.GameObject\Environment\LevelObject</Filter>
    </ClInclude>
    <ClInclude Include="..\Code\SceneSelector.h">
      <Filter>OldClass</Filter>
    </ClInclude>
    <ClInclude Include="..\Code\PlayerCamera.h">
      <Filter>02.GameObject\Camera\PlayerCamera</Filter>
    </ClInclude>
    <ClInclude Include="..\Code\Controller.h">
      <Filter>03.Components\Controller</Filter>
    </ClInclude>
    <ClInclude Include="..\Code\PlayerController.h">
      <Filter>03.Components\Controller\PlayerController</Filter>
    </ClInclude>
    <ClInclude Include="..\Code\Gun_Phobos.h">
      <Filter>02.GameObject\ControlObject\SpaceMarin\Gun_Phobos</Filter>
    </ClInclude>
    <ClInclude Include="CollisionSystem.h">
      <Filter>04.CollisionSystem</Filter>
    </ClInclude>
    <ClInclude Include="..\Code\Ork.h">
      <Filter>02.GameObject\ControlObject\Ork</Filter>
    </ClInclude>
    <ClInclude Include="..\Code\Tyranid.h">
      <Filter>OldClass\Tyranid</Filter>
    </ClInclude>
    <ClInclude Include="..\Code\Ork_Gun.h">
      <Filter>02.GameObject\ControlObject\Ork_Weapon\Ork_Gun</Filter>
    </ClInclude>
    <ClInclude Include="..\Code\Ork_Sword.h">
      <Filter>02.GameObject\ControlObject\Ork_Weapon\Ork_Sword</Filter>
    </ClInclude>
    <ClInclude Include="..\Code\EnemyAIController.h">
      <Filter>03.Components\Controller\EnemyAIController</Filter>
    </ClInclude>
    <ClInclude Include="..\Code\Function.h">
      <Filter>Headers</Filter>
    </ClInclude>
    <ClInclude Include="..\Code\Ork_WarBoss.h">
      <Filter>02.GameObject\ControlObject\Ork_WarBoss</Filter>
    </ClInclude>
    <ClInclude Include="Frustum.h">
      <Filter>04.CollisionSystem\FrustumCollider</Filter>
    </ClInclude>
    <ClInclude Include="..\Code\Ork_HeavyGun.h">
      <Filter>02.GameObject\ControlObject\Ork_Weapon\Ork_HeavyGun</Filter>
    </ClInclude>
    <ClInclude Include="..\Code\Ork_Klaw.h">
      <Filter>02.GameObject\ControlObject\Ork_Weapon\Ork_Klaw</Filter>
    </ClInclude>
    <ClInclude Include="..\Code\Skybox.h">
      <Filter>02.GameObject\Environment\Skybox</Filter>
    </ClInclude>
    <ClInclude Include="..\Code\ChainSword.h">
      <Filter>02.GameObject\ControlObject\SpaceMarin\ChainSword</Filter>
    </ClInclude>
    <ClInclude Include="..\Code\EventManager.h">
      <Filter>05.EventManager</Filter>
    </ClInclude>
    <ClInclude Include="..\Code\Subject.h">
      <Filter>06.DataManager\Subject</Filter>
    </ClInclude>
    <ClInclude Include="..\Code\EnemyObserver.h">
      <Filter>06.DataManager\Observer\EnemyObserver</Filter>
    </ClInclude>
    <ClInclude Include="..\Code\SpaceMarinObserver.h">
      <Filter>06.DataManager\Observer\SpaceMarinObserver</Filter>
    </ClInclude>
    <ClInclude Include="..\Code\FireEffect.h">
      <Filter>02.GameObject\Effect\FireEffect</Filter>
    </ClInclude>
    <ClInclude Include="..\Code\FireLineSmoke.h">
      <Filter>02.GameObject\Effect\FireLineSmoke</Filter>
    </ClInclude>
  </ItemGroup>
  <ItemGroup>
    <ClCompile Include="stdafx.cpp">
      <Filter>99.Default</Filter>
    </ClCompile>
    <ClCompile Include="..\Code\MainGame.cpp">
      <Filter>00.MainGame</Filter>
    </ClCompile>
    <ClCompile Include="..\Code\Logo.cpp">
      <Filter>01.Scene\00.Logo</Filter>
    </ClCompile>
    <ClCompile Include="..\Code\ScreenImage.cpp">
      <Filter>02.GameObject\OtherObject\Screen</Filter>
    </ClCompile>
    <ClCompile Include="..\Code\DynamicCamera.cpp">
      <Filter>02.GameObject\Camera\DynamicCamera</Filter>
    </ClCompile>
    <ClCompile Include="TestPlane.cpp">
      <Filter>OldClass\TestObject\TestPlane</Filter>
    </ClCompile>
    <ClCompile Include="..\Code\Loading.cpp">
      <Filter>01.Scene\99.Loading</Filter>
    </ClCompile>
    <ClCompile Include="..\Code\SpaceMarin.cpp">
      <Filter>02.GameObject\ControlObject\SpaceMarin</Filter>
    </ClCompile>
    <ClCompile Include="..\Code\Stage.cpp">
      <Filter>01.Scene\02.Stage</Filter>
    </ClCompile>
    <ClCompile Include="TestPlane2.cpp">
      <Filter>OldClass\TestObject\TestPlane2</Filter>
    </ClCompile>
    <ClCompile Include="Client.cpp" />
    <ClCompile Include="..\Code\LevelObject.cpp">
      <Filter>02.GameObject\Environment\LevelObject</Filter>
    </ClCompile>
    <ClCompile Include="..\Code\PlayerCamera.cpp">
      <Filter>02.GameObject\Camera\PlayerCamera</Filter>
    </ClCompile>
    <ClCompile Include="..\Code\Controller.cpp">
      <Filter>03.Components\Controller</Filter>
    </ClCompile>
    <ClCompile Include="..\Code\PlayerController.cpp">
      <Filter>03.Components\Controller\PlayerController</Filter>
    </ClCompile>
    <ClCompile Include="..\Code\Gun_Phobos.cpp">
      <Filter>02.GameObject\ControlObject\SpaceMarin\Gun_Phobos</Filter>
    </ClCompile>
    <ClCompile Include="CollisionSystem.cpp">
      <Filter>04.CollisionSystem</Filter>
    </ClCompile>
    <ClCompile Include="..\Code\Ork.cpp">
      <Filter>02.GameObject\ControlObject\Ork</Filter>
    </ClCompile>
    <ClCompile Include="..\Code\Tyranid.cpp">
      <Filter>OldClass\Tyranid</Filter>
    </ClCompile>
    <ClCompile Include="..\Code\Ork_Gun.cpp">
      <Filter>02.GameObject\ControlObject\Ork_Weapon\Ork_Gun</Filter>
    </ClCompile>
    <ClCompile Include="..\Code\Ork_Sword.cpp">
      <Filter>02.GameObject\ControlObject\Ork_Weapon\Ork_Sword</Filter>
    </ClCompile>
    <ClCompile Include="..\Code\EnemyAIController.cpp">
      <Filter>03.Components\Controller\EnemyAIController</Filter>
    </ClCompile>
    <ClCompile Include="..\Code\Ork_WarBoss.cpp">
      <Filter>02.GameObject\ControlObject\Ork_WarBoss</Filter>
    </ClCompile>
    <ClCompile Include="Frustum.cpp">
      <Filter>04.CollisionSystem\FrustumCollider</Filter>
    </ClCompile>
    <ClCompile Include="..\Code\Ork_HeavyGun.cpp">
      <Filter>02.GameObject\ControlObject\Ork_Weapon\Ork_HeavyGun</Filter>
    </ClCompile>
    <ClCompile Include="..\Code\Ork_Klaw.cpp">
      <Filter>02.GameObject\ControlObject\Ork_Weapon\Ork_Klaw</Filter>
    </ClCompile>
    <ClCompile Include="..\Code\Skybox.cpp">
      <Filter>02.GameObject\Environment\Skybox</Filter>
    </ClCompile>
    <ClCompile Include="..\Code\ChainSword.cpp">
      <Filter>02.GameObject\ControlObject\SpaceMarin\ChainSword</Filter>
    </ClCompile>
    <ClCompile Include="..\Code\EventManager.cpp">
      <Filter>05.EventManager</Filter>
    </ClCompile>
    <ClCompile Include="..\Code\Subject.cpp">
      <Filter>06.DataManager\Subject</Filter>
    </ClCompile>
    <ClCompile Include="..\Code\EnemyObserver.cpp">
      <Filter>06.DataManager\Observer\EnemyObserver</Filter>
    </ClCompile>
    <ClCompile Include="..\Code\SpaceMarinObserver.cpp">
      <Filter>06.DataManager\Observer\SpaceMarinObserver</Filter>
    </ClCompile>
    <ClCompile Include="..\Code\FireEffect.cpp">
      <Filter>02.GameObject\Effect\FireEffect</Filter>
    </ClCompile>
    <ClCompile Include="..\Code\FireLineSmoke.cpp">
      <Filter>02.GameObject\Effect\FireLineSmoke</Filter>
    </ClCompile>
  </ItemGroup>
  <ItemGroup>
    <Image Include="small.ico">
      <Filter>99.Default</Filter>
    </Image>
    <Image Include="Client.ico">
      <Filter>99.Default</Filter>
    </Image>
  </ItemGroup>
  <ItemGroup>
    <ResourceCompile Include="Client.rc">
      <Filter>99.Default</Filter>
    </ResourceCompile>
  </ItemGroup>
</Project>