<?xml version="1.0" encoding="utf-8"?>
<Project ToolsVersion="4.0" xmlns="http://schemas.microsoft.com/developer/msbuild/2003">
  <ItemGroup>
    <Filter Include="99.Default">
      <UniqueIdentifier>{ecf09171-1915-401a-81eb-f15c150638ba}</UniqueIdentifier>
    </Filter>
    <Filter Include="00.MainGame">
      <UniqueIdentifier>{76c40348-904e-4441-9297-ea997dec041b}</UniqueIdentifier>
    </Filter>
    <Filter Include="01.Scene">
      <UniqueIdentifier>{fb0939b4-d0c3-4da8-91fd-b326c7f70ee5}</UniqueIdentifier>
    </Filter>
    <Filter Include="01.Scene\00.Logo">
      <UniqueIdentifier>{1be34f75-c19e-403d-b2c7-09834943ce10}</UniqueIdentifier>
    </Filter>
    <Filter Include="01.Scene\01.Title">
      <UniqueIdentifier>{522cfd24-2b54-42f4-9ce1-4aadbde602a9}</UniqueIdentifier>
    </Filter>
    <Filter Include="01.Scene\03.Special_Island">
      <UniqueIdentifier>{07645524-43ae-423a-96bc-01a07a2b6241}</UniqueIdentifier>
    </Filter>
    <Filter Include="01.Scene\99.Loading">
      <UniqueIdentifier>{3fbf6f4c-ecd1-4e84-99e9-a7d90b8ff4c2}</UniqueIdentifier>
    </Filter>
    <Filter Include="01.Scene\02.Stage">
      <UniqueIdentifier>{d4e65528-4ddd-4d71-a61e-47eb3731ce5a}</UniqueIdentifier>
    </Filter>
    <Filter Include="02.GameObject">
      <UniqueIdentifier>{3c41fc7c-1419-4423-b4d8-f3a48f6f5076}</UniqueIdentifier>
    </Filter>
    <Filter Include="02.GameObject\UI">
      <UniqueIdentifier>{331ed709-bcdc-4d69-bb19-025bd012155c}</UniqueIdentifier>
    </Filter>
    <Filter Include="02.GameObject\UI\Camera">
      <UniqueIdentifier>{71d9a552-905f-4903-9fc1-491fe5d3d51f}</UniqueIdentifier>
    </Filter>
    <Filter Include="02.GameObject\UI\Camera\DynamicCamera">
      <UniqueIdentifier>{0f8c5987-fa25-4891-b362-b4d0bb7b1361}</UniqueIdentifier>
    </Filter>
    <Filter Include="02.GameObject\UI\Camera\PlayerCamera">
      <UniqueIdentifier>{5066d90b-a1c9-4d73-8e29-e09c20b5e699}</UniqueIdentifier>
    </Filter>
    <Filter Include="02.GameObject\Environment">
      <UniqueIdentifier>{846e4bd0-2649-45f5-85b0-ab6d1a42e1fd}</UniqueIdentifier>
    </Filter>
    <Filter Include="02.GameObject\GameLogic">
      <UniqueIdentifier>{bba5964b-579d-4974-a9ed-559c8fb6cd35}</UniqueIdentifier>
    </Filter>
    <Filter Include="02.GameObject\GameLogic\SpaceMarin">
      <UniqueIdentifier>{52e5ba68-2c8b-4ec4-9fef-1853df618add}</UniqueIdentifier>
    </Filter>
    <Filter Include="02.GameObject\GameLogic\TestObject">
      <UniqueIdentifier>{b1be8709-f969-48da-a0ed-03adc17bfd20}</UniqueIdentifier>
    </Filter>
    <Filter Include="02.GameObject\GameLogic\TestObject\TestPlane">
      <UniqueIdentifier>{957b2783-0cc5-422c-b2f2-10ccf936ecf4}</UniqueIdentifier>
    </Filter>
    <Filter Include="02.GameObject\GameLogic\TestObject\TestPlane2">
      <UniqueIdentifier>{b2a0e722-a16c-44ef-b234-31e985c1162a}</UniqueIdentifier>
    </Filter>
    <Filter Include="02.GameObject\GameLogic\Screen">
      <UniqueIdentifier>{c0e2e4e6-189f-4904-a374-ff521478feeb}</UniqueIdentifier>
    </Filter>
    <Filter Include="Headers">
      <UniqueIdentifier>{93995380-89BD-4b04-88EB-625FBE52EBFB}</UniqueIdentifier>
      <Extensions>h;hh;hpp;hxx;hm;inl;inc;xsd</Extensions>
    </Filter>
  </ItemGroup>
  <ItemGroup>
    <ClInclude Include="Resource.h">
      <Filter>99.Default</Filter>
    </ClInclude>
    <ClInclude Include="Client.h">
      <Filter>99.Default</Filter>
    </ClInclude>
    <ClInclude Include="targetver.h">
      <Filter>99.Default</Filter>
    </ClInclude>
    <ClInclude Include="..\Code\MainGame.h">
      <Filter>00.MainGame</Filter>
    </ClInclude>
    <ClInclude Include="..\Code\SceneSelector.h">
      <Filter>01.Scene</Filter>
    </ClInclude>
    <ClInclude Include="..\Code\Logo.h">
      <Filter>01.Scene\00.Logo</Filter>
    </ClInclude>
    <ClInclude Include="..\Code\Value.h">
      <Filter>Headers</Filter>
    </ClInclude>
    <ClInclude Include="..\Code\Include.h">
      <Filter>Headers</Filter>
    </ClInclude>
    <ClInclude Include="..\Code\Enum.h">
      <Filter>Headers</Filter>
    </ClInclude>
    <ClInclude Include="..\Code\ScreenImage.h">
      <Filter>02.GameObject\GameLogic\Screen</Filter>
    </ClInclude>
    <ClInclude Include="..\Code\DynamicCamera.h">
      <Filter>02.GameObject\UI\Camera\DynamicCamera</Filter>
    </ClInclude>
    <ClInclude Include="TestPlane.h">
      <Filter>02.GameObject\GameLogic\TestObject\TestPlane</Filter>
    </ClInclude>
    <ClInclude Include="..\Code\Loading.h">
      <Filter>01.Scene\99.Loading</Filter>
    </ClInclude>
    <ClInclude Include="..\Code\SpaceMarin.h">
      <Filter>02.GameObject\GameLogic\SpaceMarin</Filter>
    </ClInclude>
    <ClInclude Include="..\Code\Stage.h">
      <Filter>01.Scene\02.Stage</Filter>
    </ClInclude>
    <ClInclude Include="TestPlane2.h">
      <Filter>02.GameObject\GameLogic\TestObject\TestPlane2</Filter>
    </ClInclude>
    <ClInclude Include="stdafx.h" />
  </ItemGroup>
  <ItemGroup>
    <ClCompile Include="stdafx.cpp">
      <Filter>99.Default</Filter>
    </ClCompile>
    <ClCompile Include="..\Code\MainGame.cpp">
      <Filter>00.MainGame</Filter>
    </ClCompile>
    <ClCompile Include="..\Code\Logo.cpp">
      <Filter>01.Scene\00.Logo</Filter>
    </ClCompile>
    <ClCompile Include="..\Code\ScreenImage.cpp">
      <Filter>02.GameObject\GameLogic\Screen</Filter>
    </ClCompile>
    <ClCompile Include="..\Code\DynamicCamera.cpp">
      <Filter>02.GameObject\UI\Camera\DynamicCamera</Filter>
    </ClCompile>
    <ClCompile Include="TestPlane.cpp">
      <Filter>02.GameObject\GameLogic\TestObject\TestPlane</Filter>
    </ClCompile>
    <ClCompile Include="..\Code\Loading.cpp">
      <Filter>01.Scene\99.Loading</Filter>
    </ClCompile>
    <ClCompile Include="..\Code\SpaceMarin.cpp">
      <Filter>02.GameObject\GameLogic\SpaceMarin</Filter>
    </ClCompile>
    <ClCompile Include="..\Code\Stage.cpp">
      <Filter>01.Scene\02.Stage</Filter>
    </ClCompile>
    <ClCompile Include="TestPlane2.cpp">
      <Filter>02.GameObject\GameLogic\TestObject\TestPlane2</Filter>
    </ClCompile>
    <ClCompile Include="Client.cpp" />
  </ItemGroup>
  <ItemGroup>
    <Image Include="small.ico">
      <Filter>99.Default</Filter>
    </Image>
    <Image Include="Client.ico">
      <Filter>99.Default</Filter>
    </Image>
  </ItemGroup>
  <ItemGroup>
    <ResourceCompile Include="Client.rc">
      <Filter>99.Default</Filter>
    </ResourceCompile>
  </ItemGroup>
</Project>